// !$*UTF8*$!
{
	archiveVersion = 1;
	classes = {
	};
	objectVersion = 56;
	objects = {

/* Begin PBXBuildFile section */
		A10000000000000000000001 /* AirScopeApp.swift in Sources */ = {isa = PBXBuildFile; fileRef = A20000000000000000000001 /* AirScopeApp.swift */; };
		A10000000000000000000002 /* ConnectionQuality.swift in Sources */ = {isa = PBXBuildFile; fileRef = A20000000000000000000002 /* ConnectionQuality.swift */; };
		A10000000000000000000003 /* NetworkSnapshot.swift in Sources */ = {isa = PBXBuildFile; fileRef = A20000000000000000000003 /* NetworkSnapshot.swift */; };
		A10000000000000000000004 /* DiscoveredDevice.swift in Sources */ = {isa = PBXBuildFile; fileRef = A20000000000000000000004 /* DiscoveredDevice.swift */; };
		A10000000000000000000005 /* BluetoothDevice.swift in Sources */ = {isa = PBXBuildFile; fileRef = A20000000000000000000005 /* BluetoothDevice.swift */; };
		A10000000000000000000006 /* LatencySample.swift in Sources */ = {isa = PBXBuildFile; fileRef = A20000000000000000000006 /* LatencySample.swift */; };
		A10000000000000000000007 /* NetworkManager.swift in Sources */ = {isa = PBXBuildFile; fileRef = A20000000000000000000007 /* NetworkManager.swift */; };
		A10000000000000000000008 /* LatencyMonitor.swift in Sources */ = {isa = PBXBuildFile; fileRef = A20000000000000000000008 /* LatencyMonitor.swift */; };
		A10000000000000000000009 /* DeviceDiscoveryManager.swift in Sources */ = {isa = PBXBuildFile; fileRef = A20000000000000000000009 /* DeviceDiscoveryManager.swift */; };
		A1000000000000000000000A /* BluetoothManager.swift in Sources */ = {isa = PBXBuildFile; fileRef = A2000000000000000000000A /* BluetoothManager.swift */; };
		A1000000000000000000000B /* DashboardViewModel.swift in Sources */ = {isa = PBXBuildFile; fileRef = A2000000000000000000000B /* DashboardViewModel.swift */; };
		A1000000000000000000000C /* DeviceDiscoveryViewModel.swift in Sources */ = {isa = PBXBuildFile; fileRef = A2000000000000000000000C /* DeviceDiscoveryViewModel.swift */; };
		A1000000000000000000000D /* BluetoothViewModel.swift in Sources */ = {isa = PBXBuildFile; fileRef = A2000000000000000000000D /* BluetoothViewModel.swift */; };
		A1000000000000000000000E /* RootView.swift in Sources */ = {isa = PBXBuildFile; fileRef = A2000000000000000000000E /* RootView.swift */; };
		A1000000000000000000000F /* DashboardView.swift in Sources */ = {isa = PBXBuildFile; fileRef = A2000000000000000000000F /* DashboardView.swift */; };
		A10000000000000000000010 /* DeviceDiscoveryView.swift in Sources */ = {isa = PBXBuildFile; fileRef = A20000000000000000000010 /* DeviceDiscoveryView.swift */; };
		A10000000000000000000011 /* BluetoothScannerView.swift in Sources */ = {isa = PBXBuildFile; fileRef = A20000000000000000000011 /* BluetoothScannerView.swift */; };
		A10000000000000000000012 /* AppBackground.swift in Sources */ = {isa = PBXBuildFile; fileRef = A20000000000000000000012 /* AppBackground.swift */; };
		A10000000000000000000013 /* GlassCard.swift in Sources */ = {isa = PBXBuildFile; fileRef = A20000000000000000000013 /* GlassCard.swift */; };
		A10000000000000000000014 /* SharedComponents.swift in Sources */ = {isa = PBXBuildFile; fileRef = A20000000000000000000014 /* SharedComponents.swift */; };
		A10000000000000000000015 /* Formatters.swift in Sources */ = {isa = PBXBuildFile; fileRef = A20000000000000000000015 /* Formatters.swift */; };
		A10000000000000000000016 /* Haptics.swift in Sources */ = {isa = PBXBuildFile; fileRef = A20000000000000000000016 /* Haptics.swift */; };
		A10000000000000000000017 /* Assets.xcassets in Resources */ = {isa = PBXBuildFile; fileRef = A20000000000000000000017 /* Assets.xcassets */; };
/* End PBXBuildFile section */

/* Begin PBXFileReference section */
		A20000000000000000000001 /* AirScopeApp.swift */ = {isa = PBXFileReference; lastKnownFileType = sourcecode.swift; path = AirScopeApp.swift; sourceTree = "<group>"; };
		A20000000000000000000002 /* ConnectionQuality.swift */ = {isa = PBXFileReference; lastKnownFileType = sourcecode.swift; path = ConnectionQuality.swift; sourceTree = "<group>"; };
		A20000000000000000000003 /* NetworkSnapshot.swift */ = {isa = PBXFileReference; lastKnownFileType = sourcecode.swift; path = NetworkSnapshot.swift; sourceTree = "<group>"; };
		A20000000000000000000004 /* DiscoveredDevice.swift */ = {isa = PBXFileReference; lastKnownFileType = sourcecode.swift; path = DiscoveredDevice.swift; sourceTree = "<group>"; };
		A20000000000000000000005 /* BluetoothDevice.swift */ = {isa = PBXFileReference; lastKnownFileType = sourcecode.swift; path = BluetoothDevice.swift; sourceTree = "<group>"; };
		A20000000000000000000006 /* LatencySample.swift */ = {isa = PBXFileReference; lastKnownFileType = sourcecode.swift; path = LatencySample.swift; sourceTree = "<group>"; };
		A20000000000000000000007 /* NetworkManager.swift */ = {isa = PBXFileReference; lastKnownFileType = sourcecode.swift; path = NetworkManager.swift; sourceTree = "<group>"; };
		A20000000000000000000008 /* LatencyMonitor.swift */ = {isa = PBXFileReference; lastKnownFileType = sourcecode.swift; path = LatencyMonitor.swift; sourceTree = "<group>"; };
		A20000000000000000000009 /* DeviceDiscoveryManager.swift */ = {isa = PBXFileReference; lastKnownFileType = sourcecode.swift; path = DeviceDiscoveryManager.swift; sourceTree = "<group>"; };
		A2000000000000000000000A /* BluetoothManager.swift */ = {isa = PBXFileReference; lastKnownFileType = sourcecode.swift; path = BluetoothManager.swift; sourceTree = "<group>"; };
		A2000000000000000000000B /* DashboardViewModel.swift */ = {isa = PBXFileReference; lastKnownFileType = sourcecode.swift; path = DashboardViewModel.swift; sourceTree = "<group>"; };
		A2000000000000000000000C /* DeviceDiscoveryViewModel.swift */ = {isa = PBXFileReference; lastKnownFileType = sourcecode.swift; path = DeviceDiscoveryViewModel.swift; sourceTree = "<group>"; };
		A2000000000000000000000D /* BluetoothViewModel.swift */ = {isa = PBXFileReference; lastKnownFileType = sourcecode.swift; path = BluetoothViewModel.swift; sourceTree = "<group>"; };
		A2000000000000000000000E /* RootView.swift */ = {isa = PBXFileReference; lastKnownFileType = sourcecode.swift; path = RootView.swift; sourceTree = "<group>"; };
		A2000000000000000000000F /* DashboardView.swift */ = {isa = PBXFileReference; lastKnownFileType = sourcecode.swift; path = DashboardView.swift; sourceTree = "<group>"; };
		A20000000000000000000010 /* DeviceDiscoveryView.swift */ = {isa = PBXFileReference; lastKnownFileType = sourcecode.swift; path = DeviceDiscoveryView.swift; sourceTree = "<group>"; };
		A20000000000000000000011 /* BluetoothScannerView.swift */ = {isa = PBXFileReference; lastKnownFileType = sourcecode.swift; path = BluetoothScannerView.swift; sourceTree = "<group>"; };
		A20000000000000000000012 /* AppBackground.swift */ = {isa = PBXFileReference; lastKnownFileType = sourcecode.swift; path = AppBackground.swift; sourceTree = "<group>"; };
		A20000000000000000000013 /* GlassCard.swift */ = {isa = PBXFileReference; lastKnownFileType = sourcecode.swift; path = GlassCard.swift; sourceTree = "<group>"; };
		A20000000000000000000014 /* SharedComponents.swift */ = {isa = PBXFileReference; lastKnownFileType = sourcecode.swift; path = SharedComponents.swift; sourceTree = "<group>"; };
		A20000000000000000000015 /* Formatters.swift */ = {isa = PBXFileReference; lastKnownFileType = sourcecode.swift; path = Formatters.swift; sourceTree = "<group>"; };
		A20000000000000000000016 /* Haptics.swift */ = {isa = PBXFileReference; lastKnownFileType = sourcecode.swift; path = Haptics.swift; sourceTree = "<group>"; };
		A20000000000000000000017 /* Assets.xcassets */ = {isa = PBXFileReference; lastKnownFileType = folder.assetcatalog; path = Assets.xcassets; sourceTree = "<group>"; };
		A20000000000000000000018 /* Info.plist */ = {isa = PBXFileReference; lastKnownFileType = text.plist.xml; path = Info.plist; sourceTree = "<group>"; };
		A20000000000000000000019 /* AirScope.app */ = {isa = PBXFileReference; explicitFileType = wrapper.application; includeInIndex = 0; path = AirScope.app; sourceTree = BUILT_PRODUCTS_DIR; };
/* End PBXFileReference section */

/* Begin PBXFrameworksBuildPhase section */
		A30000000000000000000001 /* Frameworks */ = {
			isa = PBXFrameworksBuildPhase;
			buildActionMask = 2147483647;
			files = (
			);
			runOnlyForDeploymentPostprocessing = 0;
		};
/* End PBXFrameworksBuildPhase section */

/* Begin PBXGroup section */
		A40000000000000000000001 = {
			isa = PBXGroup;
			children = (
				A40000000000000000000002 /* AirScope */,
				A40000000000000000000009 /* Products */,
			);
			sourceTree = "<group>";
		};
		A40000000000000000000002 /* AirScope */ = {
			isa = PBXGroup;
			children = (
				A20000000000000000000001 /* AirScopeApp.swift */,
				A20000000000000000000018 /* Info.plist */,
				A40000000000000000000003 /* Models */,
				A40000000000000000000004 /* Managers */,
				A40000000000000000000005 /* ViewModels */,
				A40000000000000000000006 /* Views */,
				A40000000000000000000008 /* Utilities */,
				A20000000000000000000017 /* Assets.xcassets */,
			);
			path = AirScope;
			sourceTree = "<group>";
		};
		A40000000000000000000003 /* Models */ = {
			isa = PBXGroup;
			children = (
				A20000000000000000000002 /* ConnectionQuality.swift */,
				A20000000000000000000003 /* NetworkSnapshot.swift */,
				A20000000000000000000004 /* DiscoveredDevice.swift */,
				A20000000000000000000005 /* BluetoothDevice.swift */,
				A20000000000000000000006 /* LatencySample.swift */,
			);
			path = Models;
			sourceTree = "<group>";
		};
		A40000000000000000000004 /* Managers */ = {
			isa = PBXGroup;
			children = (
				A20000000000000000000007 /* NetworkManager.swift */,
				A20000000000000000000008 /* LatencyMonitor.swift */,
				A20000000000000000000009 /* DeviceDiscoveryManager.swift */,
				A2000000000000000000000A /* BluetoothManager.swift */,
			);
			path = Managers;
			sourceTree = "<group>";
		};
		A40000000000000000000005 /* ViewModels */ = {
			isa = PBXGroup;
			children = (
				A2000000000000000000000B /* DashboardViewModel.swift */,
				A2000000000000000000000C /* DeviceDiscoveryViewModel.swift */,
				A2000000000000000000000D /* BluetoothViewModel.swift */,
			);
			path = ViewModels;
			sourceTree = "<group>";
		};
		A40000000000000000000006 /* Views */ = {
			isa = PBXGroup;
			children = (
				A2000000000000000000000E /* RootView.swift */,
				A2000000000000000000000F /* DashboardView.swift */,
				A20000000000000000000010 /* DeviceDiscoveryView.swift */,
				A20000000000000000000011 /* BluetoothScannerView.swift */,
				A40000000000000000000007 /* Components */,
			);
			path = Views;
			sourceTree = "<group>";
		};
		A40000000000000000000007 /* Components */ = {
			isa = PBXGroup;
			children = (
				A20000000000000000000012 /* AppBackground.swift */,
				A20000000000000000000013 /* GlassCard.swift */,
				A20000000000000000000014 /* SharedComponents.swift */,
			);
			path = Components;
			sourceTree = "<group>";
		};
		A40000000000000000000008 /* Utilities */ = {
			isa = PBXGroup;
			children = (
				A20000000000000000000015 /* Formatters.swift */,
				A20000000000000000000016 /* Haptics.swift */,
			);
			path = Utilities;
			sourceTree = "<group>";
		};
		A40000000000000000000009 /* Products */ = {
			isa = PBXGroup;
			children = (
				A20000000000000000000019 /* AirScope.app */,
			);
			name = Products;
			sourceTree = "<group>";
		};
/* End PBXGroup section */

/* Begin PBXNativeTarget section */
		A50000000000000000000001 /* AirScope */ = {
			isa = PBXNativeTarget;
			buildConfigurationList = A90000000000000000000002 /* Build configuration list for PBXNativeTarget "AirScope" */;
			buildPhases = (
				A30000000000000000000002 /* Sources */,
				A30000000000000000000001 /* Frameworks */,
				A30000000000000000000003 /* Resources */,
			);
			buildRules = (
			);
			dependencies = (
			);
			name = AirScope;
			productName = AirScope;
			productReference = A20000000000000000000019 /* AirScope.app */;
			productType = "com.apple.product-type.application";
		};
/* End PBXNativeTarget section */

/* Begin PBXProject section */
		A60000000000000000000001 /* Project object */ = {
			isa = PBXProject;
			attributes = {
				BuildIndependentTargetsInParallel = 1;
				LastSwiftUpdateCheck = 1500;
				LastUpgradeCheck = 1500;
				TargetAttributes = {
					A50000000000000000000001 = {
						CreatedOnToolsVersion = 15.0;
					};
				};
			};
			buildConfigurationList = A90000000000000000000001 /* Build configuration list for PBXProject "AirScope" */;
			compatibilityVersion = "Xcode 14.0";
			developmentRegion = en;
			hasScannedForEncodings = 0;
			knownRegions = (
				en,
				Base,
			);
			mainGroup = A40000000000000000000001;
			productRefGroup = A40000000000000000000009 /* Products */;
			projectDirPath = "";
			projectRoot = "";
			targets = (
				A50000000000000000000001 /* AirScope */,
			);
		};
/* End PBXProject section */

/* Begin PBXResourcesBuildPhase section */
		A30000000000000000000003 /* Resources */ = {
			isa = PBXResourcesBuildPhase;
			buildActionMask = 2147483647;
			files = (
				A10000000000000000000017 /* Assets.xcassets in Resources */,
			);
			runOnlyForDeploymentPostprocessing = 0;
		};
/* End PBXResourcesBuildPhase section */

/* Begin PBXSourcesBuildPhase section */
		A30000000000000000000002 /* Sources */ = {
			isa = PBXSourcesBuildPhase;
			buildActionMask = 2147483647;
			files = (
				A10000000000000000000001 /* AirScopeApp.swift in Sources */,
				A10000000000000000000002 /* ConnectionQuality.swift in Sources */,
				A10000000000000000000003 /* NetworkSnapshot.swift in Sources */,
				A10000000000000000000004 /* DiscoveredDevice.swift in Sources */,
				A10000000000000000000005 /* BluetoothDevice.swift in Sources */,
				A10000000000000000000006 /* LatencySample.swift in Sources */,
				A10000000000000000000007 /* NetworkManager.swift in Sources */,
				A10000000000000000000008 /* LatencyMonitor.swift in Sources */,
				A10000000000000000000009 /* DeviceDiscoveryManager.swift in Sources */,
				A1000000000000000000000A /* BluetoothManager.swift in Sources */,
				A1000000000000000000000B /* DashboardViewModel.swift in Sources */,
				A1000000000000000000000C /* DeviceDiscoveryViewModel.swift in Sources */,
				A1000000000000000000000D /* BluetoothViewModel.swift in Sources */,
				A1000000000000000000000E /* RootView.swift in Sources */,
				A1000000000000000000000F /* DashboardView.swift in Sources */,
				A10000000000000000000010 /* DeviceDiscoveryView.swift in Sources */,
				A10000000000000000000011 /* BluetoothScannerView.swift in Sources */,
				A10000000000000000000012 /* AppBackground.swift in Sources */,
				A10000000000000000000013 /* GlassCard.swift in Sources */,
				A10000000000000000000014 /* SharedComponents.swift in Sources */,
				A10000000000000000000015 /* Formatters.swift in Sources */,
				A10000000000000000000016 /* Haptics.swift in Sources */,
			);
			runOnlyForDeploymentPostprocessing = 0;
		};
/* End PBXSourcesBuildPhase section */

/* Begin XCBuildConfiguration section */
		A70000000000000000000001 /* Debug */ = {
			isa = XCBuildConfiguration;
			buildSettings = {
				ALWAYS_SEARCH_USER_PATHS = NO;
				CLANG_ANALYZER_NONNULL = YES;
				CLANG_ANALYZER_NUMBER_OBJECT_CONVERSION = YES_AGGRESSIVE;
				CLANG_CXX_LANGUAGE_STANDARD = "gnu++20";
				CLANG_ENABLE_MODULES = YES;
				CLANG_ENABLE_OBJC_ARC = YES;
				CLANG_ENABLE_OBJC_WEAK = YES;
				CLANG_WARN_BLOCK_CAPTURE_AUTORELEASING = YES;
				CLANG_WARN_BOOL_CONVERSION = YES;
				CLANG_WARN_COMMA = YES;
				CLANG_WARN_CONSTANT_CONVERSION = YES;
				CLANG_WARN_DEPRECATED_OBJC_IMPLEMENTATIONS = YES;
				CLANG_WARN_DIRECT_OBJC_ISA_USAGE = YES_ERROR;
				CLANG_WARN_DOCUMENTATION_COMMENTS = YES;
				CLANG_WARN_EMPTY_BODY = YES;
				CLANG_WARN_ENUM_CONVERSION = YES;
				CLANG_WARN_INFINITE_RECURSION = YES;
				CLANG_WARN_INT_CONVERSION = YES;
				CLANG_WARN_NON_LITERAL_NULL_CONVERSION = YES;
				CLANG_WARN_OBJC_IMPLICIT_RETAIN_SELF = YES;
				CLANG_WARN_OBJC_LITERAL_CONVERSION = YES;
				CLANG_WARN_OBJC_ROOT_CLASS = YES_ERROR;
				CLANG_WARN_QUOTED_INCLUDE_IN_FRAMEWORK_HEADER = YES;
				CLANG_WARN_RANGE_LOOP_ANALYSIS = YES;
				CLANG_WARN_STRICT_PROTOTYPES = YES;
				CLANG_WARN_SUSPICIOUS_MOVE = YES;
				CLANG_WARN_UNGUARDED_AVAILABILITY = YES_AGGRESSIVE;
				CLANG_WARN_UNREACHABLE_CODE = YES;
				CLANG_WARN__DUPLICATE_METHOD_MATCH = YES;
				COPY_PHASE_STRIP = NO;
				DEBUG_INFORMATION_FORMAT = dwarf;
				ENABLE_STRICT_OBJC_MSGSEND = YES;
				ENABLE_TESTABILITY = YES;
				ENABLE_USER_SCRIPT_SANDBOXING = YES;
				GCC_C_LANGUAGE_STANDARD = gnu17;
				GCC_DYNAMIC_NO_PIC = NO;
				GCC_NO_COMMON_BLOCKS = YES;
				GCC_OPTIMIZATION_LEVEL = 0;
				GCC_PREPROCESSOR_DEFINITIONS = (
					"DEBUG=1",
					"$(inherited)",
				);
				GCC_WARN_64_TO_32_BIT_CONVERSION = YES;
				GCC_WARN_ABOUT_RETURN_TYPE = YES_ERROR;
				GCC_WARN_UNDECLARED_SELECTOR = YES;
				GCC_WARN_UNINITIALIZED_AUTOS = YES_AGGRESSIVE;
				GCC_WARN_UNUSED_FUNCTION = YES;
				GCC_WARN_UNUSED_VARIABLE = YES;
				IPHONEOS_DEPLOYMENT_TARGET = 17.0;
				MTL_ENABLE_DEBUG_INFO = INCLUDE_SOURCE;
				MTL_FAST_MATH = YES;
				ONLY_ACTIVE_ARCH = YES;
				SDKROOT = iphoneos;
				SWIFT_ACTIVE_COMPILATION_CONDITIONS = DEBUG;
				SWIFT_OPTIMIZATION_LEVEL = "-Onone";
			};
			name = Debug;
		};
		A70000000000000000000002 /* Release */ = {
			isa = XCBuildConfiguration;
			buildSettings = {
				ALWAYS_SEARCH_USER_PATHS = NO;
				CLANG_ANALYZER_NONNULL = YES;
				CLANG_ANALYZER_NUMBER_OBJECT_CONVERSION = YES_AGGRESSIVE;
				CLANG_CXX_LANGUAGE_STANDARD = "gnu++20";
				CLANG_ENABLE_MODULES = YES;
				CLANG_ENABLE_OBJC_ARC = YES;
				CLANG_ENABLE_OBJC_WEAK = YES;
				CLANG_WARN_BLOCK_CAPTURE_AUTORELEASING = YES;
				CLANG_WARN_BOOL_CONVERSION = YES;
				CLANG_WARN_COMMA = YES;
				CLANG_WARN_CONSTANT_CONVERSION = YES;
				CLANG_WARN_DEPRECATED_OBJC_IMPLEMENTATIONS = YES;
				CLANG_WARN_DIRECT_OBJC_ISA_USAGE = YES_ERROR;
				CLANG_WARN_DOCUMENTATION_COMMENTS = YES;
				CLANG_WARN_EMPTY_BODY = YES;
				CLANG_WARN_ENUM_CONVERSION = YES;
				CLANG_WARN_INFINITE_RECURSION = YES;
				CLANG_WARN_INT_CONVERSION = YES;
				CLANG_WARN_NON_LITERAL_NULL_CONVERSION = YES;
				CLANG_WARN_OBJC_IMPLICIT_RETAIN_SELF = YES;
				CLANG_WARN_OBJC_LITERAL_CONVERSION = YES;
				CLANG_WARN_OBJC_ROOT_CLASS = YES_ERROR;
				CLANG_WARN_QUOTED_INCLUDE_IN_FRAMEWORK_HEADER = YES;
				CLANG_WARN_RANGE_LOOP_ANALYSIS = YES;
				CLANG_WARN_STRICT_PROTOTYPES = YES;
				CLANG_WARN_SUSPICIOUS_MOVE = YES;
				CLANG_WARN_UNGUARDED_AVAILABILITY = YES_AGGRESSIVE;
				CLANG_WARN_UNREACHABLE_CODE = YES;
				CLANG_WARN__DUPLICATE_METHOD_MATCH = YES;
				COPY_PHASE_STRIP = NO;
				DEBUG_INFORMATION_FORMAT = "dwarf-with-dsym";
				ENABLE_NS_ASSERTIONS = NO;
				ENABLE_STRICT_OBJC_MSGSEND = YES;
				ENABLE_USER_SCRIPT_SANDBOXING = YES;
				GCC_C_LANGUAGE_STANDARD = gnu17;
				GCC_NO_COMMON_BLOCKS = YES;
				GCC_WARN_64_TO_32_BIT_CONVERSION = YES;
				GCC_WARN_ABOUT_RETURN_TYPE = YES_ERROR;
				GCC_WARN_UNDECLARED_SELECTOR = YES;
				GCC_WARN_UNINITIALIZED_AUTOS = YES_AGGRESSIVE;
				GCC_WARN_UNUSED_FUNCTION = YES;
				GCC_WARN_UNUSED_VARIABLE = YES;
				IPHONEOS_DEPLOYMENT_TARGET = 17.0;
				MTL_ENABLE_DEBUG_INFO = NO;
				MTL_FAST_MATH = YES;
				SDKROOT = iphoneos;
				SWIFT_COMPILATION_MODE = wholemodule;
				VALIDATE_PRODUCT = YES;
			};
			name = Release;
		};
		A80000000000000000000001 /* Debug */ = {
			isa = XCBuildConfiguration;
			buildSettings = {
				ASSETCATALOG_COMPILER_APPICON_NAME = AppIcon;
				ASSETCATALOG_COMPILER_GLOBAL_ACCENT_COLOR_NAME = AccentColor;
				CODE_SIGN_STYLE = Automatic;
				CURRENT_PROJECT_VERSION = 1;
				DEVELOPMENT_TEAM = "";
				ENABLE_PREVIEWS = YES;
				GENERATE_INFOPLIST_FILE = NO;
				INFOPLIST_FILE = AirScope/Info.plist;
				LD_RUNPATH_SEARCH_PATHS = (
					"$(inherited)",
					"@executable_path/Frameworks",
				);
				MARKETING_VERSION = 1.0;
				PRODUCT_BUNDLE_IDENTIFIER = com.example.AirScope;
				PRODUCT_NAME = "$(TARGET_NAME)";
				SWIFT_EMIT_LOC_STRINGS = YES;
				SWIFT_VERSION = 5.0;
				TARGETED_DEVICE_FAMILY = "1,2";
			};
			name = Debug;
		};
		A80000000000000000000002 /* Release */ = {
			isa = XCBuildConfiguration;
			buildSettings = {
				ASSETCATALOG_COMPILER_APPICON_NAME = AppIcon;
				ASSETCATALOG_COMPILER_GLOBAL_ACCENT_COLOR_NAME = AccentColor;
				CODE_SIGN_STYLE = Automatic;
				CURRENT_PROJECT_VERSION = 1;
				DEVELOPMENT_TEAM = "";
				ENABLE_PREVIEWS = YES;
				GENERATE_INFOPLIST_FILE = NO;
				INFOPLIST_FILE = AirScope/Info.plist;
				LD_RUNPATH_SEARCH_PATHS = (
					"$(inherited)",
					"@executable_path/Frameworks",
				);
				MARKETING_VERSION = 1.0;
				PRODUCT_BUNDLE_IDENTIFIER = com.example.AirScope;
				PRODUCT_NAME = "$(TARGET_NAME)";
				SWIFT_EMIT_LOC_STRINGS = YES;
				SWIFT_VERSION = 5.0;
				TARGETED_DEVICE_FAMILY = "1,2";
			};
			name = Release;
		};
/* End XCBuildConfiguration section */

/* Begin XCConfigurationList section */
		A90000000000000000000001 /* Build configuration list for PBXProject "AirScope" */ = {
			isa = XCConfigurationList;
			buildConfigurations = (
				A70000000000000000000001 /* Debug */,
				A70000000000000000000002 /* Release */,
			);
			defaultConfigurationIsVisible = 0;
			defaultConfigurationName = Release;
		};
		A90000000000000000000002 /* Build configuration list for PBXNativeTarget "AirScope" */ = {
			isa = XCConfigurationList;
			buildConfigurations = (
				A80000000000000000000001 /* Debug */,
				A80000000000000000000002 /* Release */,
			);
			defaultConfigurationIsVisible = 0;
			defaultConfigurationName = Release;
		};
/* End XCConfigurationList section */
	};
	rootObject = A60000000000000000000001 /* Project object */;
}
